// !$*UTF8*$!
{
	archiveVersion = 1;
	classes = {
	};
	objectVersion = 56;
	objects = {

/* Begin PBXBuildFile section */
		C032AC892A862A0C00592045 /* AppDelegate.swift in Sources */ = {isa = PBXBuildFile; fileRef = C032AC882A862A0C00592045 /* AppDelegate.swift */; };
		C032AC8B2A862A0C00592045 /* SceneDelegate.swift in Sources */ = {isa = PBXBuildFile; fileRef = C032AC8A2A862A0C00592045 /* SceneDelegate.swift */; };
		C032AC902A862A0C00592045 /* Main.storyboard in Resources */ = {isa = PBXBuildFile; fileRef = C032AC8E2A862A0C00592045 /* Main.storyboard */; };
		C032AC922A862A0D00592045 /* Assets.xcassets in Resources */ = {isa = PBXBuildFile; fileRef = C032AC912A862A0D00592045 /* Assets.xcassets */; };
		C032AC952A862A0D00592045 /* LaunchScreen.storyboard in Resources */ = {isa = PBXBuildFile; fileRef = C032AC932A862A0D00592045 /* LaunchScreen.storyboard */; };
		C032AC9E2A862D4400592045 /* Alamofire in Frameworks */ = {isa = PBXBuildFile; productRef = C032AC9D2A862D4400592045 /* Alamofire */; };
		C032ACA12A862D5B00592045 /* SwiftyJSON in Frameworks */ = {isa = PBXBuildFile; productRef = C032ACA02A862D5B00592045 /* SwiftyJSON */; };
		C032ACA42A862D8000592045 /* Kingfisher in Frameworks */ = {isa = PBXBuildFile; productRef = C032ACA32A862D8000592045 /* Kingfisher */; };
		C032ACA62A862FC100592045 /* .gitignore in Resources */ = {isa = PBXBuildFile; fileRef = C032ACA52A862FC100592045 /* .gitignore */; };
		C032ACA82A86301300592045 /* APIKey.swift in Sources */ = {isa = PBXBuildFile; fileRef = C032ACA72A86301300592045 /* APIKey.swift */; };
		C032ACAB2A8630E500592045 /* APIManager.swift in Sources */ = {isa = PBXBuildFile; fileRef = C032ACAA2A8630E500592045 /* APIManager.swift */; };
		C032ACAE2A87396400592045 /* ReusableViewProtocol.swift in Sources */ = {isa = PBXBuildFile; fileRef = C032ACAD2A87396400592045 /* ReusableViewProtocol.swift */; };
		C032ACB12A873BEC00592045 /* MainVC.swift in Sources */ = {isa = PBXBuildFile; fileRef = C032ACB02A873BEC00592045 /* MainVC.swift */; };
		C032ACB42A873D6D00592045 /* BaseViewController.swift in Sources */ = {isa = PBXBuildFile; fileRef = C032ACB32A873D6D00592045 /* BaseViewController.swift */; };
		C032ACB82A874CAE00592045 /* MediaCollectionViewCell.swift in Sources */ = {isa = PBXBuildFile; fileRef = C032ACB62A874CAE00592045 /* MediaCollectionViewCell.swift */; };
		C032ACB92A874CAE00592045 /* MediaCollectionViewCell.xib in Resources */ = {isa = PBXBuildFile; fileRef = C032ACB72A874CAE00592045 /* MediaCollectionViewCell.xib */; };
		C032ACBB2A87634E00592045 /* BaseCellProtocol.swift in Sources */ = {isa = PBXBuildFile; fileRef = C032ACBA2A87634E00592045 /* BaseCellProtocol.swift */; };
		C032ACBE2A8763EB00592045 /* Media.swift in Sources */ = {isa = PBXBuildFile; fileRef = C032ACBD2A8763EB00592045 /* Media.swift */; };
		C032ACC62A87A58B00592045 /* URL+Extension.swift in Sources */ = {isa = PBXBuildFile; fileRef = C032ACC52A87A58B00592045 /* URL+Extension.swift */; };
		C032ACC82A87BD6200592045 /* DetailVC.swift in Sources */ = {isa = PBXBuildFile; fileRef = C032ACC72A87BD6200592045 /* DetailVC.swift */; };
		C032ACCA2A87CC8200592045 /* UILabel+Extension.swift in Sources */ = {isa = PBXBuildFile; fileRef = C032ACC92A87CC8200592045 /* UILabel+Extension.swift */; };
		C032ACCD2A8892F400592045 /* CastTableViewCell.swift in Sources */ = {isa = PBXBuildFile; fileRef = C032ACCB2A8892F400592045 /* CastTableViewCell.swift */; };
		C032ACCE2A8892F400592045 /* CastTableViewCell.xib in Resources */ = {isa = PBXBuildFile; fileRef = C032ACCC2A8892F400592045 /* CastTableViewCell.xib */; };
		C032ACD02A88948000592045 /* Cast.swift in Sources */ = {isa = PBXBuildFile; fileRef = C032ACCF2A88948000592045 /* Cast.swift */; };
		C032ACE22A8B4EAB00592045 /* EndPoint.swift in Sources */ = {isa = PBXBuildFile; fileRef = C032ACE12A8B4EAB00592045 /* EndPoint.swift */; };
/* End PBXBuildFile section */

/* Begin PBXFileReference section */
		C032AC852A862A0C00592045 /* Media.app */ = {isa = PBXFileReference; explicitFileType = wrapper.application; includeInIndex = 0; path = Media.app; sourceTree = BUILT_PRODUCTS_DIR; };
		C032AC882A862A0C00592045 /* AppDelegate.swift */ = {isa = PBXFileReference; lastKnownFileType = sourcecode.swift; path = AppDelegate.swift; sourceTree = "<group>"; };
		C032AC8A2A862A0C00592045 /* SceneDelegate.swift */ = {isa = PBXFileReference; lastKnownFileType = sourcecode.swift; path = SceneDelegate.swift; sourceTree = "<group>"; };
		C032AC8F2A862A0C00592045 /* Base */ = {isa = PBXFileReference; lastKnownFileType = file.storyboard; name = Base; path = Base.lproj/Main.storyboard; sourceTree = "<group>"; };
		C032AC912A862A0D00592045 /* Assets.xcassets */ = {isa = PBXFileReference; lastKnownFileType = folder.assetcatalog; path = Assets.xcassets; sourceTree = "<group>"; };
		C032AC942A862A0D00592045 /* Base */ = {isa = PBXFileReference; lastKnownFileType = file.storyboard; name = Base; path = Base.lproj/LaunchScreen.storyboard; sourceTree = "<group>"; };
		C032AC962A862A0D00592045 /* Info.plist */ = {isa = PBXFileReference; lastKnownFileType = text.plist.xml; path = Info.plist; sourceTree = "<group>"; };
		C032ACA52A862FC100592045 /* .gitignore */ = {isa = PBXFileReference; lastKnownFileType = text; path = .gitignore; sourceTree = "<group>"; };
		C032ACA72A86301300592045 /* APIKey.swift */ = {isa = PBXFileReference; lastKnownFileType = sourcecode.swift; path = APIKey.swift; sourceTree = "<group>"; };
		C032ACAA2A8630E500592045 /* APIManager.swift */ = {isa = PBXFileReference; lastKnownFileType = sourcecode.swift; path = APIManager.swift; sourceTree = "<group>"; };
		C032ACAD2A87396400592045 /* ReusableViewProtocol.swift */ = {isa = PBXFileReference; lastKnownFileType = sourcecode.swift; path = ReusableViewProtocol.swift; sourceTree = "<group>"; };
		C032ACB02A873BEC00592045 /* MainVC.swift */ = {isa = PBXFileReference; lastKnownFileType = sourcecode.swift; path = MainVC.swift; sourceTree = "<group>"; };
		C032ACB32A873D6D00592045 /* BaseViewController.swift */ = {isa = PBXFileReference; lastKnownFileType = sourcecode.swift; path = BaseViewController.swift; sourceTree = "<group>"; };
		C032ACB62A874CAE00592045 /* MediaCollectionViewCell.swift */ = {isa = PBXFileReference; lastKnownFileType = sourcecode.swift; path = MediaCollectionViewCell.swift; sourceTree = "<group>"; };
		C032ACB72A874CAE00592045 /* MediaCollectionViewCell.xib */ = {isa = PBXFileReference; lastKnownFileType = file.xib; path = MediaCollectionViewCell.xib; sourceTree = "<group>"; };
		C032ACBA2A87634E00592045 /* BaseCellProtocol.swift */ = {isa = PBXFileReference; lastKnownFileType = sourcecode.swift; path = BaseCellProtocol.swift; sourceTree = "<group>"; };
		C032ACBD2A8763EB00592045 /* Media.swift */ = {isa = PBXFileReference; lastKnownFileType = sourcecode.swift; path = Media.swift; sourceTree = "<group>"; };
		C032ACC52A87A58B00592045 /* URL+Extension.swift */ = {isa = PBXFileReference; lastKnownFileType = sourcecode.swift; path = "URL+Extension.swift"; sourceTree = "<group>"; };
		C032ACC72A87BD6200592045 /* DetailVC.swift */ = {isa = PBXFileReference; lastKnownFileType = sourcecode.swift; path = DetailVC.swift; sourceTree = "<group>"; };
		C032ACC92A87CC8200592045 /* UILabel+Extension.swift */ = {isa = PBXFileReference; lastKnownFileType = sourcecode.swift; path = "UILabel+Extension.swift"; sourceTree = "<group>"; };
		C032ACCB2A8892F400592045 /* CastTableViewCell.swift */ = {isa = PBXFileReference; lastKnownFileType = sourcecode.swift; path = CastTableViewCell.swift; sourceTree = "<group>"; };
		C032ACCC2A8892F400592045 /* CastTableViewCell.xib */ = {isa = PBXFileReference; lastKnownFileType = file.xib; path = CastTableViewCell.xib; sourceTree = "<group>"; };
		C032ACCF2A88948000592045 /* Cast.swift */ = {isa = PBXFileReference; lastKnownFileType = sourcecode.swift; path = Cast.swift; sourceTree = "<group>"; };
		C032ACE12A8B4EAB00592045 /* EndPoint.swift */ = {isa = PBXFileReference; lastKnownFileType = sourcecode.swift; path = EndPoint.swift; sourceTree = "<group>"; };
/* End PBXFileReference section */

/* Begin PBXFrameworksBuildPhase section */
		C032AC822A862A0C00592045 /* Frameworks */ = {
			isa = PBXFrameworksBuildPhase;
			buildActionMask = 2147483647;
			files = (
				C032ACA42A862D8000592045 /* Kingfisher in Frameworks */,
				C032ACA12A862D5B00592045 /* SwiftyJSON in Frameworks */,
				C032AC9E2A862D4400592045 /* Alamofire in Frameworks */,
			);
			runOnlyForDeploymentPostprocessing = 0;
		};
/* End PBXFrameworksBuildPhase section */

/* Begin PBXGroup section */
		C032AC7C2A862A0C00592045 = {
			isa = PBXGroup;
			children = (
				C032AC872A862A0C00592045 /* Media */,
				C032AC862A862A0C00592045 /* Products */,
			);
			sourceTree = "<group>";
		};
		C032AC862A862A0C00592045 /* Products */ = {
			isa = PBXGroup;
			children = (
				C032AC852A862A0C00592045 /* Media.app */,
			);
			name = Products;
			sourceTree = "<group>";
		};
		C032AC872A862A0C00592045 /* Media */ = {
			isa = PBXGroup;
			children = (
				C032ACC42A87A57800592045 /* Extension */,
				C032ACBC2A8763DF00592045 /* Model */,
				C032ACB22A873D4F00592045 /* Base */,
				C032ACAC2A87393D00592045 /* Protocol */,
				C032AC882A862A0C00592045 /* AppDelegate.swift */,
				C032AC8A2A862A0C00592045 /* SceneDelegate.swift */,
				C032ACA52A862FC100592045 /* .gitignore */,
				C032ACB52A874C4E00592045 /* Cell */,
				C032ACAF2A873BC400592045 /* ViewController */,
				C032ACA92A8630C300592045 /* API */,
				C032AC8E2A862A0C00592045 /* Main.storyboard */,
				C032AC912A862A0D00592045 /* Assets.xcassets */,
				C032AC932A862A0D00592045 /* LaunchScreen.storyboard */,
				C032AC962A862A0D00592045 /* Info.plist */,
			);
			path = Media;
			sourceTree = "<group>";
		};
		C032ACA92A8630C300592045 /* API */ = {
			isa = PBXGroup;
			children = (
				C032ACA72A86301300592045 /* APIKey.swift */,
				C032ACAA2A8630E500592045 /* APIManager.swift */,
				C032ACE12A8B4EAB00592045 /* EndPoint.swift */,
			);
			path = API;
			sourceTree = "<group>";
		};
		C032ACAC2A87393D00592045 /* Protocol */ = {
			isa = PBXGroup;
			children = (
				C032ACAD2A87396400592045 /* ReusableViewProtocol.swift */,
				C032ACBA2A87634E00592045 /* BaseCellProtocol.swift */,
			);
			path = Protocol;
			sourceTree = "<group>";
		};
		C032ACAF2A873BC400592045 /* ViewController */ = {
			isa = PBXGroup;
			children = (
				C032ACB02A873BEC00592045 /* MainVC.swift */,
				C032ACC72A87BD6200592045 /* DetailVC.swift */,
			);
			path = ViewController;
			sourceTree = "<group>";
		};
		C032ACB22A873D4F00592045 /* Base */ = {
			isa = PBXGroup;
			children = (
				C032ACB32A873D6D00592045 /* BaseViewController.swift */,
			);
			path = Base;
			sourceTree = "<group>";
		};
		C032ACB52A874C4E00592045 /* Cell */ = {
			isa = PBXGroup;
			children = (
				C032ACB62A874CAE00592045 /* MediaCollectionViewCell.swift */,
				C032ACB72A874CAE00592045 /* MediaCollectionViewCell.xib */,
				C032ACCB2A8892F400592045 /* CastTableViewCell.swift */,
				C032ACCC2A8892F400592045 /* CastTableViewCell.xib */,
			);
			path = Cell;
			sourceTree = "<group>";
		};
		C032ACBC2A8763DF00592045 /* Model */ = {
			isa = PBXGroup;
			children = (
				C032ACBD2A8763EB00592045 /* Media.swift */,
				C032ACCF2A88948000592045 /* Cast.swift */,
			);
			path = Model;
			sourceTree = "<group>";
		};
		C032ACC42A87A57800592045 /* Extension */ = {
			isa = PBXGroup;
			children = (
				C032ACC52A87A58B00592045 /* URL+Extension.swift */,
				C032ACC92A87CC8200592045 /* UILabel+Extension.swift */,
			);
			path = Extension;
			sourceTree = "<group>";
		};
/* End PBXGroup section */

/* Begin PBXNativeTarget section */
		C032AC842A862A0C00592045 /* Media */ = {
			isa = PBXNativeTarget;
			buildConfigurationList = C032AC992A862A0D00592045 /* Build configuration list for PBXNativeTarget "Media" */;
			buildPhases = (
				C032AC812A862A0C00592045 /* Sources */,
				C032AC822A862A0C00592045 /* Frameworks */,
				C032AC832A862A0C00592045 /* Resources */,
			);
			buildRules = (
			);
			dependencies = (
			);
			name = Media;
			packageProductDependencies = (
				C032AC9D2A862D4400592045 /* Alamofire */,
				C032ACA02A862D5B00592045 /* SwiftyJSON */,
				C032ACA32A862D8000592045 /* Kingfisher */,
			);
			productName = Media;
			productReference = C032AC852A862A0C00592045 /* Media.app */;
			productType = "com.apple.product-type.application";
		};
/* End PBXNativeTarget section */

/* Begin PBXProject section */
		C032AC7D2A862A0C00592045 /* Project object */ = {
			isa = PBXProject;
			attributes = {
				BuildIndependentTargetsInParallel = 1;
				LastSwiftUpdateCheck = 1430;
				LastUpgradeCheck = 1430;
				TargetAttributes = {
					C032AC842A862A0C00592045 = {
						CreatedOnToolsVersion = 14.3.1;
					};
				};
			};
			buildConfigurationList = C032AC802A862A0C00592045 /* Build configuration list for PBXProject "Media" */;
			compatibilityVersion = "Xcode 14.0";
			developmentRegion = en;
			hasScannedForEncodings = 0;
			knownRegions = (
				en,
				Base,
			);
			mainGroup = C032AC7C2A862A0C00592045;
			packageReferences = (
				C032AC9C2A862D4400592045 /* XCRemoteSwiftPackageReference "Alamofire" */,
				C032AC9F2A862D5B00592045 /* XCRemoteSwiftPackageReference "SwiftyJSON" */,
				C032ACA22A862D8000592045 /* XCRemoteSwiftPackageReference "Kingfisher" */,
			);
			productRefGroup = C032AC862A862A0C00592045 /* Products */;
			projectDirPath = "";
			projectRoot = "";
			targets = (
				C032AC842A862A0C00592045 /* Media */,
			);
		};
/* End PBXProject section */

/* Begin PBXResourcesBuildPhase section */
		C032AC832A862A0C00592045 /* Resources */ = {
			isa = PBXResourcesBuildPhase;
			buildActionMask = 2147483647;
			files = (
				C032ACA62A862FC100592045 /* .gitignore in Resources */,
				C032ACB92A874CAE00592045 /* MediaCollectionViewCell.xib in Resources */,
				C032ACCE2A8892F400592045 /* CastTableViewCell.xib in Resources */,
				C032AC952A862A0D00592045 /* LaunchScreen.storyboard in Resources */,
				C032AC922A862A0D00592045 /* Assets.xcassets in Resources */,
				C032AC902A862A0C00592045 /* Main.storyboard in Resources */,
			);
			runOnlyForDeploymentPostprocessing = 0;
		};
/* End PBXResourcesBuildPhase section */

/* Begin PBXSourcesBuildPhase section */
		C032AC812A862A0C00592045 /* Sources */ = {
			isa = PBXSourcesBuildPhase;
			buildActionMask = 2147483647;
			files = (
				C032AC892A862A0C00592045 /* AppDelegate.swift in Sources */,
				C032ACBB2A87634E00592045 /* BaseCellProtocol.swift in Sources */,
				C032ACCD2A8892F400592045 /* CastTableViewCell.swift in Sources */,
				C032ACB12A873BEC00592045 /* MainVC.swift in Sources */,
				C032ACC62A87A58B00592045 /* URL+Extension.swift in Sources */,
				C032ACAB2A8630E500592045 /* APIManager.swift in Sources */,
				C032ACC82A87BD6200592045 /* DetailVC.swift in Sources */,
				C032ACD02A88948000592045 /* Cast.swift in Sources */,
				C032ACBE2A8763EB00592045 /* Media.swift in Sources */,
				C032ACA82A86301300592045 /* APIKey.swift in Sources */,
				C032ACE22A8B4EAB00592045 /* EndPoint.swift in Sources */,
				C032AC8B2A862A0C00592045 /* SceneDelegate.swift in Sources */,
				C032ACB42A873D6D00592045 /* BaseViewController.swift in Sources */,
				C032ACAE2A87396400592045 /* ReusableViewProtocol.swift in Sources */,
				C032ACCA2A87CC8200592045 /* UILabel+Extension.swift in Sources */,
				C032ACB82A874CAE00592045 /* MediaCollectionViewCell.swift in Sources */,
			);
			runOnlyForDeploymentPostprocessing = 0;
		};
/* End PBXSourcesBuildPhase section */

/* Begin PBXVariantGroup section */
		C032AC8E2A862A0C00592045 /* Main.storyboard */ = {
			isa = PBXVariantGroup;
			children = (
				C032AC8F2A862A0C00592045 /* Base */,
			);
			name = Main.storyboard;
			sourceTree = "<group>";
		};
		C032AC932A862A0D00592045 /* LaunchScreen.storyboard */ = {
			isa = PBXVariantGroup;
			children = (
				C032AC942A862A0D00592045 /* Base */,
			);
			name = LaunchScreen.storyboard;
			sourceTree = "<group>";
		};
/* End PBXVariantGroup section */

/* Begin XCBuildConfiguration section */
		C032AC972A862A0D00592045 /* Debug */ = {
			isa = XCBuildConfiguration;
			buildSettings = {
				ALWAYS_SEARCH_USER_PATHS = NO;
				CLANG_ANALYZER_NONNULL = YES;
				CLANG_ANALYZER_NUMBER_OBJECT_CONVERSION = YES_AGGRESSIVE;
				CLANG_CXX_LANGUAGE_STANDARD = "gnu++20";
				CLANG_ENABLE_MODULES = YES;
				CLANG_ENABLE_OBJC_ARC = YES;
				CLANG_ENABLE_OBJC_WEAK = YES;
				CLANG_WARN_BLOCK_CAPTURE_AUTORELEASING = YES;
				CLANG_WARN_BOOL_CONVERSION = YES;
				CLANG_WARN_COMMA = YES;
				CLANG_WARN_CONSTANT_CONVERSION = YES;
				CLANG_WARN_DEPRECATED_OBJC_IMPLEMENTATIONS = YES;
				CLANG_WARN_DIRECT_OBJC_ISA_USAGE = YES_ERROR;
				CLANG_WARN_DOCUMENTATION_COMMENTS = YES;
				CLANG_WARN_EMPTY_BODY = YES;
				CLANG_WARN_ENUM_CONVERSION = YES;
				CLANG_WARN_INFINITE_RECURSION = YES;
				CLANG_WARN_INT_CONVERSION = YES;
				CLANG_WARN_NON_LITERAL_NULL_CONVERSION = YES;
				CLANG_WARN_OBJC_IMPLICIT_RETAIN_SELF = YES;
				CLANG_WARN_OBJC_LITERAL_CONVERSION = YES;
				CLANG_WARN_OBJC_ROOT_CLASS = YES_ERROR;
				CLANG_WARN_QUOTED_INCLUDE_IN_FRAMEWORK_HEADER = YES;
				CLANG_WARN_RANGE_LOOP_ANALYSIS = YES;
				CLANG_WARN_STRICT_PROTOTYPES = YES;
				CLANG_WARN_SUSPICIOUS_MOVE = YES;
				CLANG_WARN_UNGUARDED_AVAILABILITY = YES_AGGRESSIVE;
				CLANG_WARN_UNREACHABLE_CODE = YES;
				CLANG_WARN__DUPLICATE_METHOD_MATCH = YES;
				COPY_PHASE_STRIP = NO;
				DEBUG_INFORMATION_FORMAT = dwarf;
				ENABLE_STRICT_OBJC_MSGSEND = YES;
				ENABLE_TESTABILITY = YES;
				GCC_C_LANGUAGE_STANDARD = gnu11;
				GCC_DYNAMIC_NO_PIC = NO;
				GCC_NO_COMMON_BLOCKS = YES;
				GCC_OPTIMIZATION_LEVEL = 0;
				GCC_PREPROCESSOR_DEFINITIONS = (
					"DEBUG=1",
					"$(inherited)",
				);
				GCC_WARN_64_TO_32_BIT_CONVERSION = YES;
				GCC_WARN_ABOUT_RETURN_TYPE = YES_ERROR;
				GCC_WARN_UNDECLARED_SELECTOR = YES;
				GCC_WARN_UNINITIALIZED_AUTOS = YES_AGGRESSIVE;
				GCC_WARN_UNUSED_FUNCTION = YES;
				GCC_WARN_UNUSED_VARIABLE = YES;
				IPHONEOS_DEPLOYMENT_TARGET = 16.4;
				MTL_ENABLE_DEBUG_INFO = INCLUDE_SOURCE;
				MTL_FAST_MATH = YES;
				ONLY_ACTIVE_ARCH = YES;
				SDKROOT = iphoneos;
				SWIFT_ACTIVE_COMPILATION_CONDITIONS = DEBUG;
				SWIFT_OPTIMIZATION_LEVEL = "-Onone";
			};
			name = Debug;
		};
		C032AC982A862A0D00592045 /* Release */ = {
			isa = XCBuildConfiguration;
			buildSettings = {
				ALWAYS_SEARCH_USER_PATHS = NO;
				CLANG_ANALYZER_NONNULL = YES;
				CLANG_ANALYZER_NUMBER_OBJECT_CONVERSION = YES_AGGRESSIVE;
				CLANG_CXX_LANGUAGE_STANDARD = "gnu++20";
				CLANG_ENABLE_MODULES = YES;
				CLANG_ENABLE_OBJC_ARC = YES;
				CLANG_ENABLE_OBJC_WEAK = YES;
				CLANG_WARN_BLOCK_CAPTURE_AUTORELEASING = YES;
				CLANG_WARN_BOOL_CONVERSION = YES;
				CLANG_WARN_COMMA = YES;
				CLANG_WARN_CONSTANT_CONVERSION = YES;
				CLANG_WARN_DEPRECATED_OBJC_IMPLEMENTATIONS = YES;
				CLANG_WARN_DIRECT_OBJC_ISA_USAGE = YES_ERROR;
				CLANG_WARN_DOCUMENTATION_COMMENTS = YES;
				CLANG_WARN_EMPTY_BODY = YES;
				CLANG_WARN_ENUM_CONVERSION = YES;
				CLANG_WARN_INFINITE_RECURSION = YES;
				CLANG_WARN_INT_CONVERSION = YES;
				CLANG_WARN_NON_LITERAL_NULL_CONVERSION = YES;
				CLANG_WARN_OBJC_IMPLICIT_RETAIN_SELF = YES;
				CLANG_WARN_OBJC_LITERAL_CONVERSION = YES;
				CLANG_WARN_OBJC_ROOT_CLASS = YES_ERROR;
				CLANG_WARN_QUOTED_INCLUDE_IN_FRAMEWORK_HEADER = YES;
				CLANG_WARN_RANGE_LOOP_ANALYSIS = YES;
				CLANG_WARN_STRICT_PROTOTYPES = YES;
				CLANG_WARN_SUSPICIOUS_MOVE = YES;
				CLANG_WARN_UNGUARDED_AVAILABILITY = YES_AGGRESSIVE;
				CLANG_WARN_UNREACHABLE_CODE = YES;
				CLANG_WARN__DUPLICATE_METHOD_MATCH = YES;
				COPY_PHASE_STRIP = NO;
				DEBUG_INFORMATION_FORMAT = "dwarf-with-dsym";
				ENABLE_NS_ASSERTIONS = NO;
				ENABLE_STRICT_OBJC_MSGSEND = YES;
				GCC_C_LANGUAGE_STANDARD = gnu11;
				GCC_NO_COMMON_BLOCKS = YES;
				GCC_WARN_64_TO_32_BIT_CONVERSION = YES;
				GCC_WARN_ABOUT_RETURN_TYPE = YES_ERROR;
				GCC_WARN_UNDECLARED_SELECTOR = YES;
				GCC_WARN_UNINITIALIZED_AUTOS = YES_AGGRESSIVE;
				GCC_WARN_UNUSED_FUNCTION = YES;
				GCC_WARN_UNUSED_VARIABLE = YES;
				IPHONEOS_DEPLOYMENT_TARGET = 16.4;
				MTL_ENABLE_DEBUG_INFO = NO;
				MTL_FAST_MATH = YES;
				SDKROOT = iphoneos;
				SWIFT_COMPILATION_MODE = wholemodule;
				SWIFT_OPTIMIZATION_LEVEL = "-O";
				VALIDATE_PRODUCT = YES;
			};
			name = Release;
		};
		C032AC9A2A862A0D00592045 /* Debug */ = {
			isa = XCBuildConfiguration;
			buildSettings = {
				ASSETCATALOG_COMPILER_APPICON_NAME = AppIcon;
				ASSETCATALOG_COMPILER_GLOBAL_ACCENT_COLOR_NAME = AccentColor;
				CODE_SIGN_STYLE = Automatic;
				CURRENT_PROJECT_VERSION = 1;
				DEVELOPMENT_TEAM = SV3K237PCX;
				GENERATE_INFOPLIST_FILE = YES;
				INFOPLIST_FILE = Media/Info.plist;
				INFOPLIST_KEY_UIApplicationSupportsIndirectInputEvents = YES;
				INFOPLIST_KEY_UILaunchStoryboardName = LaunchScreen;
				INFOPLIST_KEY_UIMainStoryboardFile = Main;
				INFOPLIST_KEY_UISupportedInterfaceOrientations = UIInterfaceOrientationPortrait;
				INFOPLIST_KEY_UISupportedInterfaceOrientations_iPad = "UIInterfaceOrientationLandscapeLeft UIInterfaceOrientationLandscapeRight UIInterfaceOrientationPortrait UIInterfaceOrientationPortraitUpsideDown";
				INFOPLIST_KEY_UIUserInterfaceStyle = Light;
				LD_RUNPATH_SEARCH_PATHS = (
					"$(inherited)",
					"@executable_path/Frameworks",
				);
				MARKETING_VERSION = 1.0;
				PRODUCT_BUNDLE_IDENTIFIER = com.study.Media;
				PRODUCT_NAME = "$(TARGET_NAME)";
				SUPPORTED_PLATFORMS = "iphoneos iphonesimulator";
				SUPPORTS_MACCATALYST = NO;
				SUPPORTS_MAC_DESIGNED_FOR_IPHONE_IPAD = YES;
				SWIFT_EMIT_LOC_STRINGS = YES;
				SWIFT_VERSION = 5.0;
				TARGETED_DEVICE_FAMILY = 1;
			};
			name = Debug;
		};
		C032AC9B2A862A0D00592045 /* Release */ = {
			isa = XCBuildConfiguration;
			buildSettings = {
				ASSETCATALOG_COMPILER_APPICON_NAME = AppIcon;
				ASSETCATALOG_COMPILER_GLOBAL_ACCENT_COLOR_NAME = AccentColor;
				CODE_SIGN_STYLE = Automatic;
				CURRENT_PROJECT_VERSION = 1;
				DEVELOPMENT_TEAM = SV3K237PCX;
				GENERATE_INFOPLIST_FILE = YES;
				INFOPLIST_FILE = Media/Info.plist;
				INFOPLIST_KEY_UIApplicationSupportsIndirectInputEvents = YES;
				INFOPLIST_KEY_UILaunchStoryboardName = LaunchScreen;
				INFOPLIST_KEY_UIMainStoryboardFile = Main;
				INFOPLIST_KEY_UISupportedInterfaceOrientations = UIInterfaceOrientationPortrait;
				INFOPLIST_KEY_UISupportedInterfaceOrientations_iPad = "UIInterfaceOrientationLandscapeLeft UIInterfaceOrientationLandscapeRight UIInterfaceOrientationPortrait UIInterfaceOrientationPortraitUpsideDown";
				INFOPLIST_KEY_UIUserInterfaceStyle = Light;
				LD_RUNPATH_SEARCH_PATHS = (
					"$(inherited)",
					"@executable_path/Frameworks",
				);
				MARKETING_VERSION = 1.0;
				PRODUCT_BUNDLE_IDENTIFIER = com.study.Media;
				PRODUCT_NAME = "$(TARGET_NAME)";
				SUPPORTED_PLATFORMS = "iphoneos iphonesimulator";
				SUPPORTS_MACCATALYST = NO;
				SUPPORTS_MAC_DESIGNED_FOR_IPHONE_IPAD = YES;
				SWIFT_EMIT_LOC_STRINGS = YES;
				SWIFT_VERSION = 5.0;
				TARGETED_DEVICE_FAMILY = 1;
			};
			name = Release;
		};
/* End XCBuildConfiguration section */

/* Begin XCConfigurationList section */
		C032AC802A862A0C00592045 /* Build configuration list for PBXProject "Media" */ = {
			isa = XCConfigurationList;
			buildConfigurations = (
				C032AC972A862A0D00592045 /* Debug */,
				C032AC982A862A0D00592045 /* Release */,
			);
			defaultConfigurationIsVisible = 0;
			defaultConfigurationName = Release;
		};
		C032AC992A862A0D00592045 /* Build configuration list for PBXNativeTarget "Media" */ = {
			isa = XCConfigurationList;
			buildConfigurations = (
				C032AC9A2A862A0D00592045 /* Debug */,
				C032AC9B2A862A0D00592045 /* Release */,
			);
			defaultConfigurationIsVisible = 0;
			defaultConfigurationName = Release;
		};
/* End XCConfigurationList section */

/* Begin XCRemoteSwiftPackageReference section */
		C032AC9C2A862D4400592045 /* XCRemoteSwiftPackageReference "Alamofire" */ = {
			isa = XCRemoteSwiftPackageReference;
			repositoryURL = "https://github.com/Alamofire/Alamofire.git";
			requirement = {
				kind = upToNextMajorVersion;
				minimumVersion = 5.0.0;
			};
		};
		C032AC9F2A862D5B00592045 /* XCRemoteSwiftPackageReference "SwiftyJSON" */ = {
			isa = XCRemoteSwiftPackageReference;
			repositoryURL = "https://github.com/SwiftyJSON/SwiftyJSON.git";
			requirement = {
				kind = upToNextMajorVersion;
				minimumVersion = 5.0.0;
			};
		};
		C032ACA22A862D8000592045 /* XCRemoteSwiftPackageReference "Kingfisher" */ = {
			isa = XCRemoteSwiftPackageReference;
			repositoryURL = "https://github.com/onevcat/Kingfisher.git";
			requirement = {
				kind = upToNextMajorVersion;
				minimumVersion = 7.0.0;
			};
		};
/* End XCRemoteSwiftPackageReference section */

/* Begin XCSwiftPackageProductDependency section */
		C032AC9D2A862D4400592045 /* Alamofire */ = {
			isa = XCSwiftPackageProductDependency;
			package = C032AC9C2A862D4400592045 /* XCRemoteSwiftPackageReference "Alamofire" */;
			productName = Alamofire;
		};
		C032ACA02A862D5B00592045 /* SwiftyJSON */ = {
			isa = XCSwiftPackageProductDependency;
			package = C032AC9F2A862D5B00592045 /* XCRemoteSwiftPackageReference "SwiftyJSON" */;
			productName = SwiftyJSON;
		};
		C032ACA32A862D8000592045 /* Kingfisher */ = {
			isa = XCSwiftPackageProductDependency;
			package = C032ACA22A862D8000592045 /* XCRemoteSwiftPackageReference "Kingfisher" */;
			productName = Kingfisher;
		};
/* End XCSwiftPackageProductDependency section */
	};
	rootObject = C032AC7D2A862A0C00592045 /* Project object */;
}
